#include <iostream>

using namespace std;

int main ()

{

    cout << "ile masz lat?" << endl; //strzalki w prawo bo wychodzi do kopmutera

    int wiek;

    cin >> wiek; //strzalki w lewo bo pobiera dane od uzytkownika i zapisuje je w zmiennej wiek, po cin nie mozna dac endl;

    cout << "twoj wiek to " << wiek << endl;





return 0;

} 
